
Microsoft Visual Studio Solution File, Format Version 12.00
# Visual Studio 15
VisualStudioVersion = 15.0.28307.1340
MinimumVisualStudioVersion = 10.0.40219.1
Project("{D2ABAB84-BF74-430A-B69E-9DC6D40DDA17}") = "factShootingPercentAveragesCube", "factShootingPercentAveragesCube\factShootingPercentAveragesCube.dwproj", "{79A79DC8-D79A-465A-98DB-0ECEC7AB5F6E}"
EndProject
Global
	GlobalSection(SolutionConfigurationPlatforms) = preSolution
		Development|Default = Development|Default
	EndGlobalSection
	GlobalSection(ProjectConfigurationPlatforms) = postSolution
		{79A79DC8-D79A-465A-98DB-0ECEC7AB5F6E}.Development|Default.ActiveCfg = Development
		{79A79DC8-D79A-465A-98DB-0ECEC7AB5F6E}.Development|Default.Build.0 = Development
		{79A79DC8-D79A-465A-98DB-0ECEC7AB5F6E}.Development|Default.Deploy.0 = Development
	EndGlobalSection
	GlobalSection(SolutionProperties) = preSolution
		HideSolutionNode = FALSE
	EndGlobalSection
	GlobalSection(ExtensibilityGlobals) = postSolution
		SolutionGuid = {83611F1C-9022-4423-8C95-73B5B11E01D5}
	EndGlobalSection
EndGlobal
